
Microsoft Visual Studio Solution File, Format Version 12.00
# Visual Studio Version 17
VisualStudioVersion = 17.10.34928.147
MinimumVisualStudioVersion = 10.0.40219.1
Project("{FAE04EC0-301F-11D3-BF4B-00C04F79EFBC}") = "SexTemp", "SexTemp\SexTemp.csproj", "{6046C787-8BDD-4B33-A16A-7110ED542E19}"
EndProject
Global
	GlobalSection(SolutionConfigurationPlatforms) = preSolution
		Debug|Any CPU = Debug|Any CPU
		Release|Any CPU = Release|Any CPU
	EndGlobalSection
	GlobalSection(ProjectConfigurationPlatforms) = postSolution
		{6046C787-8BDD-4B33-A16A-7110ED542E19}.Debug|Any CPU.ActiveCfg = Debug|Any CPU
		{6046C787-8BDD-4B33-A16A-7110ED542E19}.Debug|Any CPU.Build.0 = Debug|Any CPU
		{6046C787-8BDD-4B33-A16A-7110ED542E19}.Release|Any CPU.ActiveCfg = Release|Any CPU
		{6046C787-8BDD-4B33-A16A-7110ED542E19}.Release|Any CPU.Build.0 = Release|Any CPU
	EndGlobalSection
	GlobalSection(SolutionProperties) = preSolution
		HideSolutionNode = FALSE
	EndGlobalSection
	GlobalSection(ExtensibilityGlobals) = postSolution
		SolutionGuid = {0AA02892-97C9-435E-9474-6A7B5FABE808}
	EndGlobalSection
EndGlobal
